
Microsoft Visual Studio Solution File, Format Version 12.00
# Visual Studio Version 17
VisualStudioVersion = 17.5.2.0
MinimumVisualStudioVersion = 10.0.40219.1
Project("{2150E333-8FDC-42A3-9474-1A3956D46DE8}") = "ABCPharmacyService", "ABCPharmacyService", "{18BECAF8-F6A9-BDBB-8661-69F3F8C0375E}"
EndProject
Project("{FAE04EC0-301F-11D3-BF4B-00C04F79EFBC}") = "AuthService", "ABCPharmacyService\AuthService.csproj", "{D8CFFD03-EA1F-B01B-DAF9-B83F51A3324D}"
EndProject
Project("{FAE04EC0-301F-11D3-BF4B-00C04F79EFBC}") = "ABCPharmacyService", "ABCPharmacyService\ABCPharmacyService.csproj", "{83908FD4-677C-450B-BC1E-02088090E9FE}"
EndProject
Global
	GlobalSection(SolutionConfigurationPlatforms) = preSolution
		Debug|Any CPU = Debug|Any CPU
		Debug|x64 = Debug|x64
		Debug|x86 = Debug|x86
		Release|Any CPU = Release|Any CPU
		Release|x64 = Release|x64
		Release|x86 = Release|x86
	EndGlobalSection
	GlobalSection(ProjectConfigurationPlatforms) = postSolution
		{D8CFFD03-EA1F-B01B-DAF9-B83F51A3324D}.Debug|Any CPU.ActiveCfg = Debug|Any CPU
		{D8CFFD03-EA1F-B01B-DAF9-B83F51A3324D}.Debug|Any CPU.Build.0 = Debug|Any CPU
		{D8CFFD03-EA1F-B01B-DAF9-B83F51A3324D}.Debug|x64.ActiveCfg = Debug|Any CPU
		{D8CFFD03-EA1F-B01B-DAF9-B83F51A3324D}.Debug|x64.Build.0 = Debug|Any CPU
		{D8CFFD03-EA1F-B01B-DAF9-B83F51A3324D}.Debug|x86.ActiveCfg = Debug|Any CPU
		{D8CFFD03-EA1F-B01B-DAF9-B83F51A3324D}.Debug|x86.Build.0 = Debug|Any CPU
		{D8CFFD03-EA1F-B01B-DAF9-B83F51A3324D}.Release|Any CPU.ActiveCfg = Release|Any CPU
		{D8CFFD03-EA1F-B01B-DAF9-B83F51A3324D}.Release|Any CPU.Build.0 = Release|Any CPU
		{D8CFFD03-EA1F-B01B-DAF9-B83F51A3324D}.Release|x64.ActiveCfg = Release|Any CPU
		{D8CFFD03-EA1F-B01B-DAF9-B83F51A3324D}.Release|x64.Build.0 = Release|Any CPU
		{D8CFFD03-EA1F-B01B-DAF9-B83F51A3324D}.Release|x86.ActiveCfg = Release|Any CPU
		{D8CFFD03-EA1F-B01B-DAF9-B83F51A3324D}.Release|x86.Build.0 = Release|Any CPU
		{83908FD4-677C-450B-BC1E-02088090E9FE}.Debug|Any CPU.ActiveCfg = Debug|Any CPU
		{83908FD4-677C-450B-BC1E-02088090E9FE}.Debug|Any CPU.Build.0 = Debug|Any CPU
		{83908FD4-677C-450B-BC1E-02088090E9FE}.Debug|x64.ActiveCfg = Debug|Any CPU
		{83908FD4-677C-450B-BC1E-02088090E9FE}.Debug|x64.Build.0 = Debug|Any CPU
		{83908FD4-677C-450B-BC1E-02088090E9FE}.Debug|x86.ActiveCfg = Debug|Any CPU
		{83908FD4-677C-450B-BC1E-02088090E9FE}.Debug|x86.Build.0 = Debug|Any CPU
		{83908FD4-677C-450B-BC1E-02088090E9FE}.Release|Any CPU.ActiveCfg = Release|Any CPU
		{83908FD4-677C-450B-BC1E-02088090E9FE}.Release|Any CPU.Build.0 = Release|Any CPU
		{83908FD4-677C-450B-BC1E-02088090E9FE}.Release|x64.ActiveCfg = Release|Any CPU
		{83908FD4-677C-450B-BC1E-02088090E9FE}.Release|x64.Build.0 = Release|Any CPU
		{83908FD4-677C-450B-BC1E-02088090E9FE}.Release|x86.ActiveCfg = Release|Any CPU
		{83908FD4-677C-450B-BC1E-02088090E9FE}.Release|x86.Build.0 = Release|Any CPU
	EndGlobalSection
	GlobalSection(SolutionProperties) = preSolution
		HideSolutionNode = FALSE
	EndGlobalSection
	GlobalSection(NestedProjects) = preSolution
		{D8CFFD03-EA1F-B01B-DAF9-B83F51A3324D} = {18BECAF8-F6A9-BDBB-8661-69F3F8C0375E}
	EndGlobalSection
	GlobalSection(ExtensibilityGlobals) = postSolution
		SolutionGuid = {E1907996-219E-4CD4-AF38-A670B45850DE}
	EndGlobalSection
EndGlobal
